// !$*UTF8*$!
{
	archiveVersion = 1;
	classes = {
	};
	objectVersion = 46;
	objects = {

/* Begin PBXBuildFile section */
		63816045C89E43DD9F96396F /* libPods.a in Frameworks */ = {isa = PBXBuildFile; fileRef = C7B3792862C24377B1ACD469 /* libPods.a */; };
		A93F87741999AA8300875287 /* ManagerUtil.m in Sources */ = {isa = PBXBuildFile; fileRef = A93F87731999AA8300875287 /* ManagerUtil.m */; };
		A93F877C1999ACF600875287 /* MBProgressHUD+Util.m in Sources */ = {isa = PBXBuildFile; fileRef = A93F877B1999ACF600875287 /* MBProgressHUD+Util.m */; };
		A93F87801999B92800875287 /* QCSlideSwitchView.m in Sources */ = {isa = PBXBuildFile; fileRef = A93F877F1999B92800875287 /* QCSlideSwitchView.m */; };
		A93F87821999BB1D00875287 /* red_line_and_shadow@2x.png in Resources */ = {isa = PBXBuildFile; fileRef = A93F87811999BB1D00875287 /* red_line_and_shadow@2x.png */; };
		A93F87CA1999E62000875287 /* AdjustableUILable.m in Sources */ = {isa = PBXBuildFile; fileRef = A93F87C91999E62000875287 /* AdjustableUILable.m */; };
		A93F8800199A077F00875287 /* FundListViewController.m in Sources */ = {isa = PBXBuildFile; fileRef = A93F87F5199A077F00875287 /* FundListViewController.m */; };
		A93F8801199A077F00875287 /* ListViewController.m in Sources */ = {isa = PBXBuildFile; fileRef = A93F87F7199A077F00875287 /* ListViewController.m */; };
		A93F8802199A077F00875287 /* ListViewController.xib in Resources */ = {isa = PBXBuildFile; fileRef = A93F87F8199A077F00875287 /* ListViewController.xib */; };
		A93F8803199A077F00875287 /* LoanListCell.m in Sources */ = {isa = PBXBuildFile; fileRef = A93F87FA199A077F00875287 /* LoanListCell.m */; };
		A93F8804199A077F00875287 /* LoanListCell.xib in Resources */ = {isa = PBXBuildFile; fileRef = A93F87FB199A077F00875287 /* LoanListCell.xib */; };
		A93F8805199A077F00875287 /* LoanListViewController.m in Sources */ = {isa = PBXBuildFile; fileRef = A93F87FD199A077F00875287 /* LoanListViewController.m */; };
		A93F8806199A077F00875287 /* OtherListViewController.m in Sources */ = {isa = PBXBuildFile; fileRef = A93F87FF199A077F00875287 /* OtherListViewController.m */; };
		A988A8FC199A50D900EB10AA /* TriangleView.m in Sources */ = {isa = PBXBuildFile; fileRef = A988A8FB199A50D900EB10AA /* TriangleView.m */; };
		A988A900199A751500EB10AA /* FundListCell.m in Sources */ = {isa = PBXBuildFile; fileRef = A988A8FF199A751500EB10AA /* FundListCell.m */; };
		A988A902199A755300EB10AA /* FundListCell.xib in Resources */ = {isa = PBXBuildFile; fileRef = A988A901199A755300EB10AA /* FundListCell.xib */; };
		A9AA325A199702DB000BE4FB /* Images.xcassets in Resources */ = {isa = PBXBuildFile; fileRef = A9AA3259199702DB000BE4FB /* Images.xcassets */; };
		A9AA326019970335000BE4FB /* HomeAdView.m in Sources */ = {isa = PBXBuildFile; fileRef = A9AA325D19970335000BE4FB /* HomeAdView.m */; };
		A9AA326119970335000BE4FB /* ImagePlayerView.m in Sources */ = {isa = PBXBuildFile; fileRef = A9AA325F19970335000BE4FB /* ImagePlayerView.m */; };
		A9AF6BED19947DD00076C0EE /* Foundation.framework in Frameworks */ = {isa = PBXBuildFile; fileRef = A9AF6BEC19947DD00076C0EE /* Foundation.framework */; };
		A9AF6BEF19947DD00076C0EE /* CoreGraphics.framework in Frameworks */ = {isa = PBXBuildFile; fileRef = A9AF6BEE19947DD00076C0EE /* CoreGraphics.framework */; };
		A9AF6BF119947DD00076C0EE /* UIKit.framework in Frameworks */ = {isa = PBXBuildFile; fileRef = A9AF6BF019947DD00076C0EE /* UIKit.framework */; };
		A9AF6BF719947DD00076C0EE /* InfoPlist.strings in Resources */ = {isa = PBXBuildFile; fileRef = A9AF6BF519947DD00076C0EE /* InfoPlist.strings */; };
		A9AF6BF919947DD00076C0EE /* main.m in Sources */ = {isa = PBXBuildFile; fileRef = A9AF6BF819947DD00076C0EE /* main.m */; };
		A9AF6BFD19947DD00076C0EE /* AppDelegate.m in Sources */ = {isa = PBXBuildFile; fileRef = A9AF6BFC19947DD00076C0EE /* AppDelegate.m */; };
		A9AF6C0019947DD00076C0EE /* Main.storyboard in Resources */ = {isa = PBXBuildFile; fileRef = A9AF6BFE19947DD00076C0EE /* Main.storyboard */; };
		A9AF6C0319947DD00076C0EE /* ViewController.m in Sources */ = {isa = PBXBuildFile; fileRef = A9AF6C0219947DD00076C0EE /* ViewController.m */; };
		A9AF6C0C19947DD10076C0EE /* XCTest.framework in Frameworks */ = {isa = PBXBuildFile; fileRef = A9AF6C0B19947DD10076C0EE /* XCTest.framework */; };
		A9AF6C0D19947DD10076C0EE /* Foundation.framework in Frameworks */ = {isa = PBXBuildFile; fileRef = A9AF6BEC19947DD00076C0EE /* Foundation.framework */; };
		A9AF6C0E19947DD10076C0EE /* UIKit.framework in Frameworks */ = {isa = PBXBuildFile; fileRef = A9AF6BF019947DD00076C0EE /* UIKit.framework */; };
		A9AF6C1619947DD10076C0EE /* InfoPlist.strings in Resources */ = {isa = PBXBuildFile; fileRef = A9AF6C1419947DD10076C0EE /* InfoPlist.strings */; };
		A9AF6C1819947DD10076C0EE /* ManagerDemoTests.m in Sources */ = {isa = PBXBuildFile; fileRef = A9AF6C1719947DD10076C0EE /* ManagerDemoTests.m */; };
		A9AF6C2E199483520076C0EE /* MainViewController.m in Sources */ = {isa = PBXBuildFile; fileRef = A9AF6C2C199483520076C0EE /* MainViewController.m */; };
		A9AF6C2F199483520076C0EE /* MainViewController.xib in Resources */ = {isa = PBXBuildFile; fileRef = A9AF6C2D199483520076C0EE /* MainViewController.xib */; };
		A9AF6C33199484200076C0EE /* HomeViewController.m in Sources */ = {isa = PBXBuildFile; fileRef = A9AF6C31199484200076C0EE /* HomeViewController.m */; };
		A9AF6C34199484200076C0EE /* HomeViewController.xib in Resources */ = {isa = PBXBuildFile; fileRef = A9AF6C32199484200076C0EE /* HomeViewController.xib */; };
		A9AF6C3D199486CA0076C0EE /* ProductListViewController.m in Sources */ = {isa = PBXBuildFile; fileRef = A9AF6C3B199486CA0076C0EE /* ProductListViewController.m */; };
		A9AF6C3E199486CA0076C0EE /* ProductListViewController.xib in Resources */ = {isa = PBXBuildFile; fileRef = A9AF6C3C199486CA0076C0EE /* ProductListViewController.xib */; };
		A9AF6C42199498C40076C0EE /* MyViewController.m in Sources */ = {isa = PBXBuildFile; fileRef = A9AF6C40199498C40076C0EE /* MyViewController.m */; };
		A9AF6C43199498C40076C0EE /* MyViewController.xib in Resources */ = {isa = PBXBuildFile; fileRef = A9AF6C41199498C40076C0EE /* MyViewController.xib */; };
		A9AF6C47199498D10076C0EE /* MoreViewController.m in Sources */ = {isa = PBXBuildFile; fileRef = A9AF6C45199498D10076C0EE /* MoreViewController.m */; };
		A9AF6C48199498D10076C0EE /* MoreViewController.xib in Resources */ = {isa = PBXBuildFile; fileRef = A9AF6C46199498D10076C0EE /* MoreViewController.xib */; };
		A9AF6C5C19949CD30076C0EE /* icon_dock_forum_actived@2x.png in Resources */ = {isa = PBXBuildFile; fileRef = A9AF6C4E19949CD30076C0EE /* icon_dock_forum_actived@2x.png */; };
		A9AF6C5D19949CD30076C0EE /* icon_dock_forum@2x.png in Resources */ = {isa = PBXBuildFile; fileRef = A9AF6C4F19949CD30076C0EE /* icon_dock_forum@2x.png */; };
		A9AF6C5E19949CD30076C0EE /* icon_dock_home_actived@2x.png in Resources */ = {isa = PBXBuildFile; fileRef = A9AF6C5019949CD30076C0EE /* icon_dock_home_actived@2x.png */; };
		A9AF6C5F19949CD30076C0EE /* icon_dock_home@2x.png in Resources */ = {isa = PBXBuildFile; fileRef = A9AF6C5119949CD30076C0EE /* icon_dock_home@2x.png */; };
		A9AF6C6019949CD30076C0EE /* icon_dock_mine_actived@2x.png in Resources */ = {isa = PBXBuildFile; fileRef = A9AF6C5219949CD30076C0EE /* icon_dock_mine_actived@2x.png */; };
		A9AF6C6119949CD30076C0EE /* icon_dock_mine@2x.png in Resources */ = {isa = PBXBuildFile; fileRef = A9AF6C5319949CD30076C0EE /* icon_dock_mine@2x.png */; };
		A9AF6C6219949CD30076C0EE /* icon_dock_rt_actived@2x.png in Resources */ = {isa = PBXBuildFile; fileRef = A9AF6C5419949CD30076C0EE /* icon_dock_rt_actived@2x.png */; };
		A9AF6C6319949CD30076C0EE /* icon_dock_rt@2x.png in Resources */ = {isa = PBXBuildFile; fileRef = A9AF6C5519949CD30076C0EE /* icon_dock_rt@2x.png */; };
		A9AF6C6419949CD30076C0EE /* icon_dock_service_actived@2x.png in Resources */ = {isa = PBXBuildFile; fileRef = A9AF6C5619949CD30076C0EE /* icon_dock_service_actived@2x.png */; };
		A9AF6C6519949CD30076C0EE /* icon_dock_service@2x.png in Resources */ = {isa = PBXBuildFile; fileRef = A9AF6C5719949CD30076C0EE /* icon_dock_service@2x.png */; };
		A9AF6C6619949CD30076C0EE /* icon_dock_session_actived_msg@2x.png in Resources */ = {isa = PBXBuildFile; fileRef = A9AF6C5819949CD30076C0EE /* icon_dock_session_actived_msg@2x.png */; };
		A9AF6C6719949CD30076C0EE /* icon_dock_session_actived@2x.png in Resources */ = {isa = PBXBuildFile; fileRef = A9AF6C5919949CD30076C0EE /* icon_dock_session_actived@2x.png */; };
		A9AF6C6819949CD30076C0EE /* icon_dock_session_msg@2x.png in Resources */ = {isa = PBXBuildFile; fileRef = A9AF6C5A19949CD30076C0EE /* icon_dock_session_msg@2x.png */; };
		A9AF6C6919949CD30076C0EE /* icon_dock_session@2x.png in Resources */ = {isa = PBXBuildFile; fileRef = A9AF6C5B19949CD30076C0EE /* icon_dock_session@2x.png */; };
		A9AF6C721994B5890076C0EE /* icon_bar_card@2x.png in Resources */ = {isa = PBXBuildFile; fileRef = A9AF6C6A1994B5890076C0EE /* icon_bar_card@2x.png */; };
		A9AF6C731994B5890076C0EE /* icon_bar_share@2x.png in Resources */ = {isa = PBXBuildFile; fileRef = A9AF6C6B1994B5890076C0EE /* icon_bar_share@2x.png */; };
		A9AF6C741994B5890076C0EE /* icon_indicate_add_module@2x.png in Resources */ = {isa = PBXBuildFile; fileRef = A9AF6C6C1994B5890076C0EE /* icon_indicate_add_module@2x.png */; };
		A9AF6C751994B5890076C0EE /* icon_indicate_arrow_don@2x.png in Resources */ = {isa = PBXBuildFile; fileRef = A9AF6C6D1994B5890076C0EE /* icon_indicate_arrow_don@2x.png */; };
		A9AF6C761994B5890076C0EE /* icon_indicate_more_down@2x.png in Resources */ = {isa = PBXBuildFile; fileRef = A9AF6C6E1994B5890076C0EE /* icon_indicate_more_down@2x.png */; };
		A9AF6C771994B5890076C0EE /* icon_indicate_more@2x.png in Resources */ = {isa = PBXBuildFile; fileRef = A9AF6C6F1994B5890076C0EE /* icon_indicate_more@2x.png */; };
		A9AF6C781994B5890076C0EE /* icon_share_default.png in Resources */ = {isa = PBXBuildFile; fileRef = A9AF6C701994B5890076C0EE /* icon_share_default.png */; };
		A9AF6C791994B5890076C0EE /* tabbarShadowImage@2x.png in Resources */ = {isa = PBXBuildFile; fileRef = A9AF6C711994B5890076C0EE /* tabbarShadowImage@2x.png */; };
		A9AF6C8F1994C5700076C0EE /* MJRefresh.bundle in Resources */ = {isa = PBXBuildFile; fileRef = A9AF6C7F1994C5700076C0EE /* MJRefresh.bundle */; };
		A9AF6C901994C5700076C0EE /* MJRefreshBaseView.m in Sources */ = {isa = PBXBuildFile; fileRef = A9AF6C821994C5700076C0EE /* MJRefreshBaseView.m */; };
		A9AF6C911994C5700076C0EE /* MJRefreshConst.m in Sources */ = {isa = PBXBuildFile; fileRef = A9AF6C841994C5700076C0EE /* MJRefreshConst.m */; };
		A9AF6C921994C5700076C0EE /* MJRefreshFooterView.m in Sources */ = {isa = PBXBuildFile; fileRef = A9AF6C861994C5700076C0EE /* MJRefreshFooterView.m */; };
		A9AF6C931994C5700076C0EE /* MJRefreshHeaderView.m in Sources */ = {isa = PBXBuildFile; fileRef = A9AF6C881994C5700076C0EE /* MJRefreshHeaderView.m */; };
		A9AF6C941994C5700076C0EE /* UIScrollView+Extension.m in Sources */ = {isa = PBXBuildFile; fileRef = A9AF6C8A1994C5700076C0EE /* UIScrollView+Extension.m */; };
		A9AF6C951994C5700076C0EE /* UIScrollView+MJRefresh.m in Sources */ = {isa = PBXBuildFile; fileRef = A9AF6C8C1994C5700076C0EE /* UIScrollView+MJRefresh.m */; };
		A9AF6C961994C5700076C0EE /* UIView+Extension.m in Sources */ = {isa = PBXBuildFile; fileRef = A9AF6C8E1994C5700076C0EE /* UIView+Extension.m */; };
		A9AF6CA01994D0210076C0EE /* ad1@2x.png in Resources */ = {isa = PBXBuildFile; fileRef = A9AF6C9F1994D0210076C0EE /* ad1@2x.png */; };
		A9AF6CA41994D0660076C0EE /* ad2@2x.png in Resources */ = {isa = PBXBuildFile; fileRef = A9AF6CA11994D0660076C0EE /* ad2@2x.png */; };
		A9AF6CA51994D0660076C0EE /* ad3@2x.png in Resources */ = {isa = PBXBuildFile; fileRef = A9AF6CA21994D0660076C0EE /* ad3@2x.png */; };
		A9AF6CA61994D0660076C0EE /* ad4@2x.png in Resources */ = {isa = PBXBuildFile; fileRef = A9AF6CA31994D0660076C0EE /* ad4@2x.png */; };
		A9C69442199BB7B100B2CECE /* icon_person_take_image@2x.png in Resources */ = {isa = PBXBuildFile; fileRef = A9C69441199BB7B100B2CECE /* icon_person_take_image@2x.png */; };
		A9C69446199BBEB200B2CECE /* MyTotalProfitCellView.m in Sources */ = {isa = PBXBuildFile; fileRef = A9C69445199BBEB200B2CECE /* MyTotalProfitCellView.m */; };
		A9C69448199BC1F500B2CECE /* gray_select_arrow.png in Resources */ = {isa = PBXBuildFile; fileRef = A9C69447199BC1F500B2CECE /* gray_select_arrow.png */; };
		A9EAA035199857F5001A872A /* HomeMainView.m in Sources */ = {isa = PBXBuildFile; fileRef = A9EAA034199857F5001A872A /* HomeMainView.m */; };
		A9EAA04019985EDE001A872A /* HomeMainView.xib in Resources */ = {isa = PBXBuildFile; fileRef = A9EAA03F19985EDE001A872A /* HomeMainView.xib */; };
		A9EAA04519986DC3001A872A /* fund_cell_label_bg_blue@2x.png in Resources */ = {isa = PBXBuildFile; fileRef = A9EAA04119986DC3001A872A /* fund_cell_label_bg_blue@2x.png */; };
		A9EAA04619986DC3001A872A /* fund_cell_label_bg_gray@2x.png in Resources */ = {isa = PBXBuildFile; fileRef = A9EAA04219986DC3001A872A /* fund_cell_label_bg_gray@2x.png */; };
		A9EAA04719986DC3001A872A /* fund_cell_label_bg_green@2x.png in Resources */ = {isa = PBXBuildFile; fileRef = A9EAA04319986DC3001A872A /* fund_cell_label_bg_green@2x.png */; };
		A9EAA04819986DC3001A872A /* fund_cell_label_bg_red@2x.png in Resources */ = {isa = PBXBuildFile; fileRef = A9EAA04419986DC3001A872A /* fund_cell_label_bg_red@2x.png */; };
		A9EAA04A19986E8C001A872A /* pull_arrow_down_black@2x.png in Resources */ = {isa = PBXBuildFile; fileRef = A9EAA04919986E8C001A872A /* pull_arrow_down_black@2x.png */; };
		A9EAA04E1998787B001A872A /* hk_home_center__cycle@2x.png in Resources */ = {isa = PBXBuildFile; fileRef = A9EAA04B1998787B001A872A /* hk_home_center__cycle@2x.png */; };
		A9EAA04F1998787B001A872A /* hk_home_center_bg@2x.png in Resources */ = {isa = PBXBuildFile; fileRef = A9EAA04C1998787B001A872A /* hk_home_center_bg@2x.png */; };
		A9EAA0501998787B001A872A /* hk_home_center_cover@2x.png in Resources */ = {isa = PBXBuildFile; fileRef = A9EAA04D1998787B001A872A /* hk_home_center_cover@2x.png */; };
		A9EAA052199879CC001A872A /* pie_chart_center.png in Resources */ = {isa = PBXBuildFile; fileRef = A9EAA051199879CC001A872A /* pie_chart_center.png */; };
		A9EAA05619988C55001A872A /* MRCircularProgressView.m in Sources */ = {isa = PBXBuildFile; fileRef = A9EAA05519988C55001A872A /* MRCircularProgressView.m */; };
		A9EAA05F1998BB82001A872A /* about_dot@2x.png in Resources */ = {isa = PBXBuildFile; fileRef = A9EAA05E1998BB82001A872A /* about_dot@2x.png */; };
/* End PBXBuildFile section */

/* Begin PBXContainerItemProxy section */
		A9AF6C0F19947DD10076C0EE /* PBXContainerItemProxy */ = {
			isa = PBXContainerItemProxy;
			containerPortal = A9AF6BE119947DD00076C0EE /* Project object */;
			proxyType = 1;
			remoteGlobalIDString = A9AF6BE819947DD00076C0EE;
			remoteInfo = ManagerDemo;
		};
/* End PBXContainerItemProxy section */

/* Begin PBXFileReference section */
		5730F11CFCAA47EB9D024FB8 /* Pods.xcconfig */ = {isa = PBXFileReference; includeInIndex = 1; lastKnownFileType = text.xcconfig; name = Pods.xcconfig; path = Pods/Pods.xcconfig; sourceTree = "<group>"; };
		A93F87721999AA8300875287 /* ManagerUtil.h */ = {isa = PBXFileReference; fileEncoding = 4; lastKnownFileType = sourcecode.c.h; path = ManagerUtil.h; sourceTree = "<group>"; };
		A93F87731999AA8300875287 /* ManagerUtil.m */ = {isa = PBXFileReference; fileEncoding = 4; lastKnownFileType = sourcecode.c.objc; path = ManagerUtil.m; sourceTree = "<group>"; };
		A93F877A1999AC9900875287 /* MBProgressHUD+Util.h */ = {isa = PBXFileReference; lastKnownFileType = sourcecode.c.h; path = "MBProgressHUD+Util.h"; sourceTree = "<group>"; };
		A93F877B1999ACF600875287 /* MBProgressHUD+Util.m */ = {isa = PBXFileReference; fileEncoding = 4; lastKnownFileType = sourcecode.c.objc; path = "MBProgressHUD+Util.m"; sourceTree = "<group>"; };
		A93F877E1999B92800875287 /* QCSlideSwitchView.h */ = {isa = PBXFileReference; fileEncoding = 4; lastKnownFileType = sourcecode.c.h; path = QCSlideSwitchView.h; sourceTree = "<group>"; };
		A93F877F1999B92800875287 /* QCSlideSwitchView.m */ = {isa = PBXFileReference; fileEncoding = 4; lastKnownFileType = sourcecode.c.objc; path = QCSlideSwitchView.m; sourceTree = "<group>"; };
		A93F87811999BB1D00875287 /* red_line_and_shadow@2x.png */ = {isa = PBXFileReference; lastKnownFileType = image.png; path = "red_line_and_shadow@2x.png"; sourceTree = "<group>"; };
		A93F87C81999E62000875287 /* AdjustableUILable.h */ = {isa = PBXFileReference; fileEncoding = 4; lastKnownFileType = sourcecode.c.h; path = AdjustableUILable.h; sourceTree = "<group>"; };
		A93F87C91999E62000875287 /* AdjustableUILable.m */ = {isa = PBXFileReference; fileEncoding = 4; lastKnownFileType = sourcecode.c.objc; path = AdjustableUILable.m; sourceTree = "<group>"; };
		A93F87F4199A077F00875287 /* FundListViewController.h */ = {isa = PBXFileReference; fileEncoding = 4; lastKnownFileType = sourcecode.c.h; path = FundListViewController.h; sourceTree = "<group>"; };
		A93F87F5199A077F00875287 /* FundListViewController.m */ = {isa = PBXFileReference; fileEncoding = 4; lastKnownFileType = sourcecode.c.objc; path = FundListViewController.m; sourceTree = "<group>"; };
		A93F87F6199A077F00875287 /* ListViewController.h */ = {isa = PBXFileReference; fileEncoding = 4; lastKnownFileType = sourcecode.c.h; path = ListViewController.h; sourceTree = "<group>"; };
		A93F87F7199A077F00875287 /* ListViewController.m */ = {isa = PBXFileReference; fileEncoding = 4; lastKnownFileType = sourcecode.c.objc; path = ListViewController.m; sourceTree = "<group>"; };
		A93F87F8199A077F00875287 /* ListViewController.xib */ = {isa = PBXFileReference; fileEncoding = 4; lastKnownFileType = file.xib; path = ListViewController.xib; sourceTree = "<group>"; };
		A93F87F9199A077F00875287 /* LoanListCell.h */ = {isa = PBXFileReference; fileEncoding = 4; lastKnownFileType = sourcecode.c.h; path = LoanListCell.h; sourceTree = "<group>"; };
		A93F87FA199A077F00875287 /* LoanListCell.m */ = {isa = PBXFileReference; fileEncoding = 4; lastKnownFileType = sourcecode.c.objc; path = LoanListCell.m; sourceTree = "<group>"; };
		A93F87FB199A077F00875287 /* LoanListCell.xib */ = {isa = PBXFileReference; fileEncoding = 4; lastKnownFileType = file.xib; path = LoanListCell.xib; sourceTree = "<group>"; };
		A93F87FC199A077F00875287 /* LoanListViewController.h */ = {isa = PBXFileReference; fileEncoding = 4; lastKnownFileType = sourcecode.c.h; path = LoanListViewController.h; sourceTree = "<group>"; };
		A93F87FD199A077F00875287 /* LoanListViewController.m */ = {isa = PBXFileReference; fileEncoding = 4; lastKnownFileType = sourcecode.c.objc; path = LoanListViewController.m; sourceTree = "<group>"; };
		A93F87FE199A077F00875287 /* OtherListViewController.h */ = {isa = PBXFileReference; fileEncoding = 4; lastKnownFileType = sourcecode.c.h; path = OtherListViewController.h; sourceTree = "<group>"; };
		A93F87FF199A077F00875287 /* OtherListViewController.m */ = {isa = PBXFileReference; fileEncoding = 4; lastKnownFileType = sourcecode.c.objc; path = OtherListViewController.m; sourceTree = "<group>"; };
		A988A8FA199A50D900EB10AA /* TriangleView.h */ = {isa = PBXFileReference; fileEncoding = 4; lastKnownFileType = sourcecode.c.h; path = TriangleView.h; sourceTree = "<group>"; };
		A988A8FB199A50D900EB10AA /* TriangleView.m */ = {isa = PBXFileReference; fileEncoding = 4; lastKnownFileType = sourcecode.c.objc; path = TriangleView.m; sourceTree = "<group>"; };
		A988A8FE199A751500EB10AA /* FundListCell.h */ = {isa = PBXFileReference; fileEncoding = 4; lastKnownFileType = sourcecode.c.h; path = FundListCell.h; sourceTree = "<group>"; };
		A988A8FF199A751500EB10AA /* FundListCell.m */ = {isa = PBXFileReference; fileEncoding = 4; lastKnownFileType = sourcecode.c.objc; path = FundListCell.m; sourceTree = "<group>"; };
		A988A901199A755300EB10AA /* FundListCell.xib */ = {isa = PBXFileReference; fileEncoding = 4; lastKnownFileType = file.xib; path = FundListCell.xib; sourceTree = "<group>"; };
		A9AA3259199702DB000BE4FB /* Images.xcassets */ = {isa = PBXFileReference; lastKnownFileType = folder.assetcatalog; path = Images.xcassets; sourceTree = "<group>"; };
		A9AA325C19970335000BE4FB /* HomeAdView.h */ = {isa = PBXFileReference; fileEncoding = 4; lastKnownFileType = sourcecode.c.h; path = HomeAdView.h; sourceTree = "<group>"; };
		A9AA325D19970335000BE4FB /* HomeAdView.m */ = {isa = PBXFileReference; fileEncoding = 4; lastKnownFileType = sourcecode.c.objc; path = HomeAdView.m; sourceTree = "<group>"; };
		A9AA325E19970335000BE4FB /* ImagePlayerView.h */ = {isa = PBXFileReference; fileEncoding = 4; lastKnownFileType = sourcecode.c.h; path = ImagePlayerView.h; sourceTree = "<group>"; };
		A9AA325F19970335000BE4FB /* ImagePlayerView.m */ = {isa = PBXFileReference; fileEncoding = 4; lastKnownFileType = sourcecode.c.objc; path = ImagePlayerView.m; sourceTree = "<group>"; };
		A9AF6BE919947DD00076C0EE /* ManagerDemo.app */ = {isa = PBXFileReference; explicitFileType = wrapper.application; includeInIndex = 0; path = ManagerDemo.app; sourceTree = BUILT_PRODUCTS_DIR; };
		A9AF6BEC19947DD00076C0EE /* Foundation.framework */ = {isa = PBXFileReference; lastKnownFileType = wrapper.framework; name = Foundation.framework; path = System/Library/Frameworks/Foundation.framework; sourceTree = SDKROOT; };
		A9AF6BEE19947DD00076C0EE /* CoreGraphics.framework */ = {isa = PBXFileReference; lastKnownFileType = wrapper.framework; name = CoreGraphics.framework; path = System/Library/Frameworks/CoreGraphics.framework; sourceTree = SDKROOT; };
		A9AF6BF019947DD00076C0EE /* UIKit.framework */ = {isa = PBXFileReference; lastKnownFileType = wrapper.framework; name = UIKit.framework; path = System/Library/Frameworks/UIKit.framework; sourceTree = SDKROOT; };
		A9AF6BF419947DD00076C0EE /* ManagerDemo-Info.plist */ = {isa = PBXFileReference; lastKnownFileType = text.plist.xml; path = "ManagerDemo-Info.plist"; sourceTree = "<group>"; };
		A9AF6BF619947DD00076C0EE /* en */ = {isa = PBXFileReference; lastKnownFileType = text.plist.strings; name = en; path = en.lproj/InfoPlist.strings; sourceTree = "<group>"; };
		A9AF6BF819947DD00076C0EE /* main.m */ = {isa = PBXFileReference; lastKnownFileType = sourcecode.c.objc; path = main.m; sourceTree = "<group>"; };
		A9AF6BFA19947DD00076C0EE /* ManagerDemo-Prefix.pch */ = {isa = PBXFileReference; lastKnownFileType = sourcecode.c.h; path = "ManagerDemo-Prefix.pch"; sourceTree = "<group>"; };
		A9AF6BFB19947DD00076C0EE /* AppDelegate.h */ = {isa = PBXFileReference; lastKnownFileType = sourcecode.c.h; path = AppDelegate.h; sourceTree = "<group>"; };
		A9AF6BFC19947DD00076C0EE /* AppDelegate.m */ = {isa = PBXFileReference; lastKnownFileType = sourcecode.c.objc; path = AppDelegate.m; sourceTree = "<group>"; };
		A9AF6BFF19947DD00076C0EE /* Base */ = {isa = PBXFileReference; lastKnownFileType = file.storyboard; name = Base; path = Base.lproj/Main.storyboard; sourceTree = "<group>"; };
		A9AF6C0119947DD00076C0EE /* ViewController.h */ = {isa = PBXFileReference; lastKnownFileType = sourcecode.c.h; path = ViewController.h; sourceTree = "<group>"; };
		A9AF6C0219947DD00076C0EE /* ViewController.m */ = {isa = PBXFileReference; lastKnownFileType = sourcecode.c.objc; path = ViewController.m; sourceTree = "<group>"; };
		A9AF6C0A19947DD10076C0EE /* ManagerDemoTests.xctest */ = {isa = PBXFileReference; explicitFileType = wrapper.cfbundle; includeInIndex = 0; path = ManagerDemoTests.xctest; sourceTree = BUILT_PRODUCTS_DIR; };
		A9AF6C0B19947DD10076C0EE /* XCTest.framework */ = {isa = PBXFileReference; lastKnownFileType = wrapper.framework; name = XCTest.framework; path = Library/Frameworks/XCTest.framework; sourceTree = DEVELOPER_DIR; };
		A9AF6C1319947DD10076C0EE /* ManagerDemoTests-Info.plist */ = {isa = PBXFileReference; lastKnownFileType = text.plist.xml; path = "ManagerDemoTests-Info.plist"; sourceTree = "<group>"; };
		A9AF6C1519947DD10076C0EE /* en */ = {isa = PBXFileReference; lastKnownFileType = text.plist.strings; name = en; path = en.lproj/InfoPlist.strings; sourceTree = "<group>"; };
		A9AF6C1719947DD10076C0EE /* ManagerDemoTests.m */ = {isa = PBXFileReference; lastKnownFileType = sourcecode.c.objc; path = ManagerDemoTests.m; sourceTree = "<group>"; };
		A9AF6C2B199483520076C0EE /* MainViewController.h */ = {isa = PBXFileReference; fileEncoding = 4; lastKnownFileType = sourcecode.c.h; path = MainViewController.h; sourceTree = "<group>"; };
		A9AF6C2C199483520076C0EE /* MainViewController.m */ = {isa = PBXFileReference; fileEncoding = 4; lastKnownFileType = sourcecode.c.objc; path = MainViewController.m; sourceTree = "<group>"; };
		A9AF6C2D199483520076C0EE /* MainViewController.xib */ = {isa = PBXFileReference; fileEncoding = 4; lastKnownFileType = file.xib; path = MainViewController.xib; sourceTree = "<group>"; };
		A9AF6C30199484200076C0EE /* HomeViewController.h */ = {isa = PBXFileReference; fileEncoding = 4; lastKnownFileType = sourcecode.c.h; path = HomeViewController.h; sourceTree = "<group>"; };
		A9AF6C31199484200076C0EE /* HomeViewController.m */ = {isa = PBXFileReference; fileEncoding = 4; lastKnownFileType = sourcecode.c.objc; path = HomeViewController.m; sourceTree = "<group>"; };
		A9AF6C32199484200076C0EE /* HomeViewController.xib */ = {isa = PBXFileReference; fileEncoding = 4; lastKnownFileType = file.xib; path = HomeViewController.xib; sourceTree = "<group>"; };
		A9AF6C3A199486CA0076C0EE /* ProductListViewController.h */ = {isa = PBXFileReference; fileEncoding = 4; lastKnownFileType = sourcecode.c.h; path = ProductListViewController.h; sourceTree = "<group>"; };
		A9AF6C3B199486CA0076C0EE /* ProductListViewController.m */ = {isa = PBXFileReference; fileEncoding = 4; lastKnownFileType = sourcecode.c.objc; path = ProductListViewController.m; sourceTree = "<group>"; };
		A9AF6C3C199486CA0076C0EE /* ProductListViewController.xib */ = {isa = PBXFileReference; fileEncoding = 4; lastKnownFileType = file.xib; path = ProductListViewController.xib; sourceTree = "<group>"; };
		A9AF6C3F199498C40076C0EE /* MyViewController.h */ = {isa = PBXFileReference; fileEncoding = 4; lastKnownFileType = sourcecode.c.h; path = MyViewController.h; sourceTree = "<group>"; };
		A9AF6C40199498C40076C0EE /* MyViewController.m */ = {isa = PBXFileReference; fileEncoding = 4; lastKnownFileType = sourcecode.c.objc; path = MyViewController.m; sourceTree = "<group>"; };
		A9AF6C41199498C40076C0EE /* MyViewController.xib */ = {isa = PBXFileReference; fileEncoding = 4; lastKnownFileType = file.xib; path = MyViewController.xib; sourceTree = "<group>"; };
		A9AF6C44199498D10076C0EE /* MoreViewController.h */ = {isa = PBXFileReference; fileEncoding = 4; lastKnownFileType = sourcecode.c.h; path = MoreViewController.h; sourceTree = "<group>"; };
		A9AF6C45199498D10076C0EE /* MoreViewController.m */ = {isa = PBXFileReference; fileEncoding = 4; lastKnownFileType = sourcecode.c.objc; path = MoreViewController.m; sourceTree = "<group>"; };
		A9AF6C46199498D10076C0EE /* MoreViewController.xib */ = {isa = PBXFileReference; fileEncoding = 4; lastKnownFileType = file.xib; path = MoreViewController.xib; sourceTree = "<group>"; };
		A9AF6C4B19949B7B0076C0EE /* ManagerConstants.h */ = {isa = PBXFileReference; lastKnownFileType = sourcecode.c.h; path = ManagerConstants.h; sourceTree = "<group>"; };
		A9AF6C4E19949CD30076C0EE /* icon_dock_forum_actived@2x.png */ = {isa = PBXFileReference; lastKnownFileType = image.png; path = "icon_dock_forum_actived@2x.png"; sourceTree = "<group>"; };
		A9AF6C4F19949CD30076C0EE /* icon_dock_forum@2x.png */ = {isa = PBXFileReference; lastKnownFileType = image.png; path = "icon_dock_forum@2x.png"; sourceTree = "<group>"; };
		A9AF6C5019949CD30076C0EE /* icon_dock_home_actived@2x.png */ = {isa = PBXFileReference; lastKnownFileType = image.png; path = "icon_dock_home_actived@2x.png"; sourceTree = "<group>"; };
		A9AF6C5119949CD30076C0EE /* icon_dock_home@2x.png */ = {isa = PBXFileReference; lastKnownFileType = image.png; path = "icon_dock_home@2x.png"; sourceTree = "<group>"; };
		A9AF6C5219949CD30076C0EE /* icon_dock_mine_actived@2x.png */ = {isa = PBXFileReference; lastKnownFileType = image.png; path = "icon_dock_mine_actived@2x.png"; sourceTree = "<group>"; };
		A9AF6C5319949CD30076C0EE /* icon_dock_mine@2x.png */ = {isa = PBXFileReference; lastKnownFileType = image.png; path = "icon_dock_mine@2x.png"; sourceTree = "<group>"; };
		A9AF6C5419949CD30076C0EE /* icon_dock_rt_actived@2x.png */ = {isa = PBXFileReference; lastKnownFileType = image.png; path = "icon_dock_rt_actived@2x.png"; sourceTree = "<group>"; };
		A9AF6C5519949CD30076C0EE /* icon_dock_rt@2x.png */ = {isa = PBXFileReference; lastKnownFileType = image.png; path = "icon_dock_rt@2x.png"; sourceTree = "<group>"; };
		A9AF6C5619949CD30076C0EE /* icon_dock_service_actived@2x.png */ = {isa = PBXFileReference; lastKnownFileType = image.png; path = "icon_dock_service_actived@2x.png"; sourceTree = "<group>"; };
		A9AF6C5719949CD30076C0EE /* icon_dock_service@2x.png */ = {isa = PBXFileReference; lastKnownFileType = image.png; path = "icon_dock_service@2x.png"; sourceTree = "<group>"; };
		A9AF6C5819949CD30076C0EE /* icon_dock_session_actived_msg@2x.png */ = {isa = PBXFileReference; lastKnownFileType = image.png; path = "icon_dock_session_actived_msg@2x.png"; sourceTree = "<group>"; };
		A9AF6C5919949CD30076C0EE /* icon_dock_session_actived@2x.png */ = {isa = PBXFileReference; lastKnownFileType = image.png; path = "icon_dock_session_actived@2x.png"; sourceTree = "<group>"; };
		A9AF6C5A19949CD30076C0EE /* icon_dock_session_msg@2x.png */ = {isa = PBXFileReference; lastKnownFileType = image.png; path = "icon_dock_session_msg@2x.png"; sourceTree = "<group>"; };
		A9AF6C5B19949CD30076C0EE /* icon_dock_session@2x.png */ = {isa = PBXFileReference; lastKnownFileType = image.png; path = "icon_dock_session@2x.png"; sourceTree = "<group>"; };
		A9AF6C6A1994B5890076C0EE /* icon_bar_card@2x.png */ = {isa = PBXFileReference; lastKnownFileType = image.png; path = "icon_bar_card@2x.png"; sourceTree = "<group>"; };
		A9AF6C6B1994B5890076C0EE /* icon_bar_share@2x.png */ = {isa = PBXFileReference; lastKnownFileType = image.png; path = "icon_bar_share@2x.png"; sourceTree = "<group>"; };
		A9AF6C6C1994B5890076C0EE /* icon_indicate_add_module@2x.png */ = {isa = PBXFileReference; lastKnownFileType = image.png; path = "icon_indicate_add_module@2x.png"; sourceTree = "<group>"; };
		A9AF6C6D1994B5890076C0EE /* icon_indicate_arrow_don@2x.png */ = {isa = PBXFileReference; lastKnownFileType = image.png; path = "icon_indicate_arrow_don@2x.png"; sourceTree = "<group>"; };
		A9AF6C6E1994B5890076C0EE /* icon_indicate_more_down@2x.png */ = {isa = PBXFileReference; lastKnownFileType = image.png; path = "icon_indicate_more_down@2x.png"; sourceTree = "<group>"; };
		A9AF6C6F1994B5890076C0EE /* icon_indicate_more@2x.png */ = {isa = PBXFileReference; lastKnownFileType = image.png; path = "icon_indicate_more@2x.png"; sourceTree = "<group>"; };
		A9AF6C701994B5890076C0EE /* icon_share_default.png */ = {isa = PBXFileReference; lastKnownFileType = image.png; path = icon_share_default.png; sourceTree = "<group>"; };
		A9AF6C711994B5890076C0EE /* tabbarShadowImage@2x.png */ = {isa = PBXFileReference; lastKnownFileType = image.png; path = "tabbarShadowImage@2x.png"; sourceTree = "<group>"; };
		A9AF6C7F1994C5700076C0EE /* MJRefresh.bundle */ = {isa = PBXFileReference; lastKnownFileType = "wrapper.plug-in"; path = MJRefresh.bundle; sourceTree = "<group>"; };
		A9AF6C801994C5700076C0EE /* MJRefresh.h */ = {isa = PBXFileReference; fileEncoding = 4; lastKnownFileType = sourcecode.c.h; path = MJRefresh.h; sourceTree = "<group>"; };
		A9AF6C811994C5700076C0EE /* MJRefreshBaseView.h */ = {isa = PBXFileReference; fileEncoding = 4; lastKnownFileType = sourcecode.c.h; path = MJRefreshBaseView.h; sourceTree = "<group>"; };
		A9AF6C821994C5700076C0EE /* MJRefreshBaseView.m */ = {isa = PBXFileReference; fileEncoding = 4; lastKnownFileType = sourcecode.c.objc; path = MJRefreshBaseView.m; sourceTree = "<group>"; };
		A9AF6C831994C5700076C0EE /* MJRefreshConst.h */ = {isa = PBXFileReference; fileEncoding = 4; lastKnownFileType = sourcecode.c.h; path = MJRefreshConst.h; sourceTree = "<group>"; };
		A9AF6C841994C5700076C0EE /* MJRefreshConst.m */ = {isa = PBXFileReference; fileEncoding = 4; lastKnownFileType = sourcecode.c.objc; path = MJRefreshConst.m; sourceTree = "<group>"; };
		A9AF6C851994C5700076C0EE /* MJRefreshFooterView.h */ = {isa = PBXFileReference; fileEncoding = 4; lastKnownFileType = sourcecode.c.h; path = MJRefreshFooterView.h; sourceTree = "<group>"; };
		A9AF6C861994C5700076C0EE /* MJRefreshFooterView.m */ = {isa = PBXFileReference; fileEncoding = 4; lastKnownFileType = sourcecode.c.objc; path = MJRefreshFooterView.m; sourceTree = "<group>"; };
		A9AF6C871994C5700076C0EE /* MJRefreshHeaderView.h */ = {isa = PBXFileReference; fileEncoding = 4; lastKnownFileType = sourcecode.c.h; path = MJRefreshHeaderView.h; sourceTree = "<group>"; };
		A9AF6C881994C5700076C0EE /* MJRefreshHeaderView.m */ = {isa = PBXFileReference; fileEncoding = 4; lastKnownFileType = sourcecode.c.objc; path = MJRefreshHeaderView.m; sourceTree = "<group>"; };
		A9AF6C891994C5700076C0EE /* UIScrollView+Extension.h */ = {isa = PBXFileReference; fileEncoding = 4; lastKnownFileType = sourcecode.c.h; path = "UIScrollView+Extension.h"; sourceTree = "<group>"; };
		A9AF6C8A1994C5700076C0EE /* UIScrollView+Extension.m */ = {isa = PBXFileReference; fileEncoding = 4; lastKnownFileType = sourcecode.c.objc; path = "UIScrollView+Extension.m"; sourceTree = "<group>"; };
		A9AF6C8B1994C5700076C0EE /* UIScrollView+MJRefresh.h */ = {isa = PBXFileReference; fileEncoding = 4; lastKnownFileType = sourcecode.c.h; path = "UIScrollView+MJRefresh.h"; sourceTree = "<group>"; };
		A9AF6C8C1994C5700076C0EE /* UIScrollView+MJRefresh.m */ = {isa = PBXFileReference; fileEncoding = 4; lastKnownFileType = sourcecode.c.objc; path = "UIScrollView+MJRefresh.m"; sourceTree = "<group>"; };
		A9AF6C8D1994C5700076C0EE /* UIView+Extension.h */ = {isa = PBXFileReference; fileEncoding = 4; lastKnownFileType = sourcecode.c.h; path = "UIView+Extension.h"; sourceTree = "<group>"; };
		A9AF6C8E1994C5700076C0EE /* UIView+Extension.m */ = {isa = PBXFileReference; fileEncoding = 4; lastKnownFileType = sourcecode.c.objc; path = "UIView+Extension.m"; sourceTree = "<group>"; };
		A9AF6C9F1994D0210076C0EE /* ad1@2x.png */ = {isa = PBXFileReference; lastKnownFileType = image.png; path = "ad1@2x.png"; sourceTree = "<group>"; };
		A9AF6CA11994D0660076C0EE /* ad2@2x.png */ = {isa = PBXFileReference; lastKnownFileType = image.png; path = "ad2@2x.png"; sourceTree = "<group>"; };
		A9AF6CA21994D0660076C0EE /* ad3@2x.png */ = {isa = PBXFileReference; lastKnownFileType = image.png; path = "ad3@2x.png"; sourceTree = "<group>"; };
		A9AF6CA31994D0660076C0EE /* ad4@2x.png */ = {isa = PBXFileReference; lastKnownFileType = image.png; path = "ad4@2x.png"; sourceTree = "<group>"; };
		A9C69441199BB7B100B2CECE /* icon_person_take_image@2x.png */ = {isa = PBXFileReference; lastKnownFileType = image.png; path = "icon_person_take_image@2x.png"; sourceTree = "<group>"; };
		A9C69444199BBEB200B2CECE /* MyTotalProfitCellView.h */ = {isa = PBXFileReference; fileEncoding = 4; lastKnownFileType = sourcecode.c.h; path = MyTotalProfitCellView.h; sourceTree = "<group>"; };
		A9C69445199BBEB200B2CECE /* MyTotalProfitCellView.m */ = {isa = PBXFileReference; fileEncoding = 4; lastKnownFileType = sourcecode.c.objc; path = MyTotalProfitCellView.m; sourceTree = "<group>"; };
		A9C69447199BC1F500B2CECE /* gray_select_arrow.png */ = {isa = PBXFileReference; lastKnownFileType = image.png; path = gray_select_arrow.png; sourceTree = "<group>"; };
		A9EAA033199857F5001A872A /* HomeMainView.h */ = {isa = PBXFileReference; fileEncoding = 4; lastKnownFileType = sourcecode.c.h; path = HomeMainView.h; sourceTree = "<group>"; };
		A9EAA034199857F5001A872A /* HomeMainView.m */ = {isa = PBXFileReference; fileEncoding = 4; lastKnownFileType = sourcecode.c.objc; path = HomeMainView.m; sourceTree = "<group>"; };
		A9EAA03F19985EDE001A872A /* HomeMainView.xib */ = {isa = PBXFileReference; fileEncoding = 4; lastKnownFileType = file.xib; path = HomeMainView.xib; sourceTree = "<group>"; };
		A9EAA04119986DC3001A872A /* fund_cell_label_bg_blue@2x.png */ = {isa = PBXFileReference; lastKnownFileType = image.png; path = "fund_cell_label_bg_blue@2x.png"; sourceTree = "<group>"; };
		A9EAA04219986DC3001A872A /* fund_cell_label_bg_gray@2x.png */ = {isa = PBXFileReference; lastKnownFileType = image.png; path = "fund_cell_label_bg_gray@2x.png"; sourceTree = "<group>"; };
		A9EAA04319986DC3001A872A /* fund_cell_label_bg_green@2x.png */ = {isa = PBXFileReference; lastKnownFileType = image.png; path = "fund_cell_label_bg_green@2x.png"; sourceTree = "<group>"; };
		A9EAA04419986DC3001A872A /* fund_cell_label_bg_red@2x.png */ = {isa = PBXFileReference; lastKnownFileType = image.png; path = "fund_cell_label_bg_red@2x.png"; sourceTree = "<group>"; };
		A9EAA04919986E8C001A872A /* pull_arrow_down_black@2x.png */ = {isa = PBXFileReference; lastKnownFileType = image.png; path = "pull_arrow_down_black@2x.png"; sourceTree = "<group>"; };
		A9EAA04B1998787B001A872A /* hk_home_center__cycle@2x.png */ = {isa = PBXFileReference; lastKnownFileType = image.png; path = "hk_home_center__cycle@2x.png"; sourceTree = "<group>"; };
		A9EAA04C1998787B001A872A /* hk_home_center_bg@2x.png */ = {isa = PBXFileReference; lastKnownFileType = image.png; path = "hk_home_center_bg@2x.png"; sourceTree = "<group>"; };
		A9EAA04D1998787B001A872A /* hk_home_center_cover@2x.png */ = {isa = PBXFileReference; lastKnownFileType = image.png; path = "hk_home_center_cover@2x.png"; sourceTree = "<group>"; };
		A9EAA051199879CC001A872A /* pie_chart_center.png */ = {isa = PBXFileReference; lastKnownFileType = image.png; path = pie_chart_center.png; sourceTree = "<group>"; };
		A9EAA05419988C55001A872A /* MRCircularProgressView.h */ = {isa = PBXFileReference; fileEncoding = 4; lastKnownFileType = sourcecode.c.h; path = MRCircularProgressView.h; sourceTree = "<group>"; };
		A9EAA05519988C55001A872A /* MRCircularProgressView.m */ = {isa = PBXFileReference; fileEncoding = 4; lastKnownFileType = sourcecode.c.objc; path = MRCircularProgressView.m; sourceTree = "<group>"; };
		A9EAA05E1998BB82001A872A /* about_dot@2x.png */ = {isa = PBXFileReference; lastKnownFileType = image.png; path = "about_dot@2x.png"; sourceTree = "<group>"; };
		C7B3792862C24377B1ACD469 /* libPods.a */ = {isa = PBXFileReference; explicitFileType = archive.ar; includeInIndex = 0; path = libPods.a; sourceTree = BUILT_PRODUCTS_DIR; };
/* End PBXFileReference section */

/* Begin PBXFrameworksBuildPhase section */
		A9AF6BE619947DD00076C0EE /* Frameworks */ = {
			isa = PBXFrameworksBuildPhase;
			buildActionMask = 2147483647;
			files = (
				A9AF6BEF19947DD00076C0EE /* CoreGraphics.framework in Frameworks */,
				A9AF6BF119947DD00076C0EE /* UIKit.framework in Frameworks */,
				A9AF6BED19947DD00076C0EE /* Foundation.framework in Frameworks */,
				63816045C89E43DD9F96396F /* libPods.a in Frameworks */,
			);
			runOnlyForDeploymentPostprocessing = 0;
		};
		A9AF6C0719947DD10076C0EE /* Frameworks */ = {
			isa = PBXFrameworksBuildPhase;
			buildActionMask = 2147483647;
			files = (
				A9AF6C0C19947DD10076C0EE /* XCTest.framework in Frameworks */,
				A9AF6C0E19947DD10076C0EE /* UIKit.framework in Frameworks */,
				A9AF6C0D19947DD10076C0EE /* Foundation.framework in Frameworks */,
			);
			runOnlyForDeploymentPostprocessing = 0;
		};
/* End PBXFrameworksBuildPhase section */

/* Begin PBXGroup section */
		A93F87751999AB4400875287 /* MBProgressHUD */ = {
			isa = PBXGroup;
			children = (
				A93F877A1999AC9900875287 /* MBProgressHUD+Util.h */,
				A93F877B1999ACF600875287 /* MBProgressHUD+Util.m */,
			);
			path = MBProgressHUD;
			sourceTree = "<group>";
		};
		A93F877D1999B91600875287 /* SlideSwitch */ = {
			isa = PBXGroup;
			children = (
				A93F877E1999B92800875287 /* QCSlideSwitchView.h */,
				A93F877F1999B92800875287 /* QCSlideSwitchView.m */,
			);
			path = SlideSwitch;
			sourceTree = "<group>";
		};
		A93F87C71999E4DA00875287 /* AttributedString */ = {
			isa = PBXGroup;
			children = (
				A93F87C81999E62000875287 /* AdjustableUILable.h */,
				A93F87C91999E62000875287 /* AdjustableUILable.m */,
			);
			path = AttributedString;
			sourceTree = "<group>";
		};
		A988A8F9199A50B600EB10AA /* UIViewShape */ = {
			isa = PBXGroup;
			children = (
				A988A8FA199A50D900EB10AA /* TriangleView.h */,
				A988A8FB199A50D900EB10AA /* TriangleView.m */,
			);
			path = UIViewShape;
			sourceTree = "<group>";
		};
		A9A660B31999180000E9D166 /* ListView */ = {
			isa = PBXGroup;
			children = (
				A93F87F4199A077F00875287 /* FundListViewController.h */,
				A93F87F5199A077F00875287 /* FundListViewController.m */,
				A93F87F6199A077F00875287 /* ListViewController.h */,
				A93F87F7199A077F00875287 /* ListViewController.m */,
				A93F87F8199A077F00875287 /* ListViewController.xib */,
				A93F87F9199A077F00875287 /* LoanListCell.h */,
				A93F87FA199A077F00875287 /* LoanListCell.m */,
				A93F87FB199A077F00875287 /* LoanListCell.xib */,
				A93F87FC199A077F00875287 /* LoanListViewController.h */,
				A93F87FD199A077F00875287 /* LoanListViewController.m */,
				A93F87FE199A077F00875287 /* OtherListViewController.h */,
				A93F87FF199A077F00875287 /* OtherListViewController.m */,
				A988A8FE199A751500EB10AA /* FundListCell.h */,
				A988A8FF199A751500EB10AA /* FundListCell.m */,
				A988A901199A755300EB10AA /* FundListCell.xib */,
			);
			path = ListView;
			sourceTree = "<group>";
		};
		A9AA325B19970304000BE4FB /* HomeView */ = {
			isa = PBXGroup;
			children = (
				A9AA325C19970335000BE4FB /* HomeAdView.h */,
				A9AA325D19970335000BE4FB /* HomeAdView.m */,
				A9AA325E19970335000BE4FB /* ImagePlayerView.h */,
				A9AA325F19970335000BE4FB /* ImagePlayerView.m */,
				A9EAA033199857F5001A872A /* HomeMainView.h */,
				A9EAA034199857F5001A872A /* HomeMainView.m */,
				A9EAA03F19985EDE001A872A /* HomeMainView.xib */,
			);
			path = HomeView;
			sourceTree = "<group>";
		};
		A9AF6BE019947DD00076C0EE = {
			isa = PBXGroup;
			children = (
				A9AF6BF219947DD00076C0EE /* ManagerDemo */,
				A9AF6C1119947DD10076C0EE /* ManagerDemoTests */,
				A9AF6BEB19947DD00076C0EE /* Frameworks */,
				A9AF6BEA19947DD00076C0EE /* Products */,
				5730F11CFCAA47EB9D024FB8 /* Pods.xcconfig */,
			);
			sourceTree = "<group>";
		};
		A9AF6BEA19947DD00076C0EE /* Products */ = {
			isa = PBXGroup;
			children = (
				A9AF6BE919947DD00076C0EE /* ManagerDemo.app */,
				A9AF6C0A19947DD10076C0EE /* ManagerDemoTests.xctest */,
			);
			name = Products;
			sourceTree = "<group>";
		};
		A9AF6BEB19947DD00076C0EE /* Frameworks */ = {
			isa = PBXGroup;
			children = (
				A9AF6BEC19947DD00076C0EE /* Foundation.framework */,
				A9AF6BEE19947DD00076C0EE /* CoreGraphics.framework */,
				A9AF6BF019947DD00076C0EE /* UIKit.framework */,
				A9AF6C0B19947DD10076C0EE /* XCTest.framework */,
				C7B3792862C24377B1ACD469 /* libPods.a */,
			);
			name = Frameworks;
			sourceTree = "<group>";
		};
		A9AF6BF219947DD00076C0EE /* ManagerDemo */ = {
			isa = PBXGroup;
			children = (
				A9AF6C971994C97F0076C0EE /* MainView */,
				A9AF6C4D19949CAD0076C0EE /* Resource */,
				A9AF6C4A19949B510076C0EE /* Common */,
				A9AF6C2A199483470076C0EE /* MainViewControll */,
				A9AF6BFB19947DD00076C0EE /* AppDelegate.h */,
				A9AF6BFC19947DD00076C0EE /* AppDelegate.m */,
				A9AF6BFE19947DD00076C0EE /* Main.storyboard */,
				A9AF6C0119947DD00076C0EE /* ViewController.h */,
				A9AF6C0219947DD00076C0EE /* ViewController.m */,
				A9AA3259199702DB000BE4FB /* Images.xcassets */,
				A9AF6BF319947DD00076C0EE /* Supporting Files */,
			);
			path = ManagerDemo;
			sourceTree = "<group>";
		};
		A9AF6BF319947DD00076C0EE /* Supporting Files */ = {
			isa = PBXGroup;
			children = (
				A9AF6BF419947DD00076C0EE /* ManagerDemo-Info.plist */,
				A9AF6BF519947DD00076C0EE /* InfoPlist.strings */,
				A9AF6BF819947DD00076C0EE /* main.m */,
				A9AF6BFA19947DD00076C0EE /* ManagerDemo-Prefix.pch */,
			);
			name = "Supporting Files";
			sourceTree = "<group>";
		};
		A9AF6C1119947DD10076C0EE /* ManagerDemoTests */ = {
			isa = PBXGroup;
			children = (
				A9AF6C1719947DD10076C0EE /* ManagerDemoTests.m */,
				A9AF6C1219947DD10076C0EE /* Supporting Files */,
			);
			path = ManagerDemoTests;
			sourceTree = "<group>";
		};
		A9AF6C1219947DD10076C0EE /* Supporting Files */ = {
			isa = PBXGroup;
			children = (
				A9AF6C1319947DD10076C0EE /* ManagerDemoTests-Info.plist */,
				A9AF6C1419947DD10076C0EE /* InfoPlist.strings */,
			);
			name = "Supporting Files";
			sourceTree = "<group>";
		};
		A9AF6C2A199483470076C0EE /* MainViewControll */ = {
			isa = PBXGroup;
			children = (
				A9AF6C2B199483520076C0EE /* MainViewController.h */,
				A9AF6C2C199483520076C0EE /* MainViewController.m */,
				A9AF6C2D199483520076C0EE /* MainViewController.xib */,
				A9AF6C30199484200076C0EE /* HomeViewController.h */,
				A9AF6C31199484200076C0EE /* HomeViewController.m */,
				A9AF6C32199484200076C0EE /* HomeViewController.xib */,
				A9AF6C3A199486CA0076C0EE /* ProductListViewController.h */,
				A9AF6C3B199486CA0076C0EE /* ProductListViewController.m */,
				A9AF6C3C199486CA0076C0EE /* ProductListViewController.xib */,
				A9AF6C3F199498C40076C0EE /* MyViewController.h */,
				A9AF6C40199498C40076C0EE /* MyViewController.m */,
				A9AF6C41199498C40076C0EE /* MyViewController.xib */,
				A9AF6C44199498D10076C0EE /* MoreViewController.h */,
				A9AF6C45199498D10076C0EE /* MoreViewController.m */,
				A9AF6C46199498D10076C0EE /* MoreViewController.xib */,
			);
			path = MainViewControll;
			sourceTree = "<group>";
		};
		A9AF6C4A19949B510076C0EE /* Common */ = {
			isa = PBXGroup;
			children = (
				A988A8F9199A50B600EB10AA /* UIViewShape */,
				A93F87C71999E4DA00875287 /* AttributedString */,
				A93F877D1999B91600875287 /* SlideSwitch */,
				A93F87751999AB4400875287 /* MBProgressHUD */,
				A9EAA05319988C55001A872A /* MRCircularProgressView */,
				A9AF6C7E1994C5700076C0EE /* MJRefresh */,
				A9AF6C4B19949B7B0076C0EE /* ManagerConstants.h */,
				A93F87721999AA8300875287 /* ManagerUtil.h */,
				A93F87731999AA8300875287 /* ManagerUtil.m */,
			);
			path = Common;
			sourceTree = "<group>";
		};
		A9AF6C4D19949CAD0076C0EE /* Resource */ = {
			isa = PBXGroup;
			children = (
				A9C69447199BC1F500B2CECE /* gray_select_arrow.png */,
				A9C69441199BB7B100B2CECE /* icon_person_take_image@2x.png */,
				A93F87811999BB1D00875287 /* red_line_and_shadow@2x.png */,
				A9EAA051199879CC001A872A /* pie_chart_center.png */,
				A9EAA04B1998787B001A872A /* hk_home_center__cycle@2x.png */,
				A9EAA04C1998787B001A872A /* hk_home_center_bg@2x.png */,
				A9EAA04D1998787B001A872A /* hk_home_center_cover@2x.png */,
				A9EAA04919986E8C001A872A /* pull_arrow_down_black@2x.png */,
				A9EAA04119986DC3001A872A /* fund_cell_label_bg_blue@2x.png */,
				A9EAA04219986DC3001A872A /* fund_cell_label_bg_gray@2x.png */,
				A9EAA04319986DC3001A872A /* fund_cell_label_bg_green@2x.png */,
				A9EAA04419986DC3001A872A /* fund_cell_label_bg_red@2x.png */,
				A9AF6C9F1994D0210076C0EE /* ad1@2x.png */,
				A9AF6CA11994D0660076C0EE /* ad2@2x.png */,
				A9AF6CA21994D0660076C0EE /* ad3@2x.png */,
				A9AF6CA31994D0660076C0EE /* ad4@2x.png */,
				A9AF6C6A1994B5890076C0EE /* icon_bar_card@2x.png */,
				A9AF6C6B1994B5890076C0EE /* icon_bar_share@2x.png */,
				A9AF6C6C1994B5890076C0EE /* icon_indicate_add_module@2x.png */,
				A9AF6C6D1994B5890076C0EE /* icon_indicate_arrow_don@2x.png */,
				A9AF6C6E1994B5890076C0EE /* icon_indicate_more_down@2x.png */,
				A9AF6C6F1994B5890076C0EE /* icon_indicate_more@2x.png */,
				A9AF6C701994B5890076C0EE /* icon_share_default.png */,
				A9AF6C711994B5890076C0EE /* tabbarShadowImage@2x.png */,
				A9AF6C4E19949CD30076C0EE /* icon_dock_forum_actived@2x.png */,
				A9EAA05E1998BB82001A872A /* about_dot@2x.png */,
				A9AF6C4F19949CD30076C0EE /* icon_dock_forum@2x.png */,
				A9AF6C5019949CD30076C0EE /* icon_dock_home_actived@2x.png */,
				A9AF6C5119949CD30076C0EE /* icon_dock_home@2x.png */,
				A9AF6C5219949CD30076C0EE /* icon_dock_mine_actived@2x.png */,
				A9AF6C5319949CD30076C0EE /* icon_dock_mine@2x.png */,
				A9AF6C5419949CD30076C0EE /* icon_dock_rt_actived@2x.png */,
				A9AF6C5519949CD30076C0EE /* icon_dock_rt@2x.png */,
				A9AF6C5619949CD30076C0EE /* icon_dock_service_actived@2x.png */,
				A9AF6C5719949CD30076C0EE /* icon_dock_service@2x.png */,
				A9AF6C5819949CD30076C0EE /* icon_dock_session_actived_msg@2x.png */,
				A9AF6C5919949CD30076C0EE /* icon_dock_session_actived@2x.png */,
				A9AF6C5A19949CD30076C0EE /* icon_dock_session_msg@2x.png */,
				A9AF6C5B19949CD30076C0EE /* icon_dock_session@2x.png */,
			);
			path = Resource;
			sourceTree = "<group>";
		};
		A9AF6C7E1994C5700076C0EE /* MJRefresh */ = {
			isa = PBXGroup;
			children = (
				A9AF6C7F1994C5700076C0EE /* MJRefresh.bundle */,
				A9AF6C801994C5700076C0EE /* MJRefresh.h */,
				A9AF6C811994C5700076C0EE /* MJRefreshBaseView.h */,
				A9AF6C821994C5700076C0EE /* MJRefreshBaseView.m */,
				A9AF6C831994C5700076C0EE /* MJRefreshConst.h */,
				A9AF6C841994C5700076C0EE /* MJRefreshConst.m */,
				A9AF6C851994C5700076C0EE /* MJRefreshFooterView.h */,
				A9AF6C861994C5700076C0EE /* MJRefreshFooterView.m */,
				A9AF6C871994C5700076C0EE /* MJRefreshHeaderView.h */,
				A9AF6C881994C5700076C0EE /* MJRefreshHeaderView.m */,
				A9AF6C891994C5700076C0EE /* UIScrollView+Extension.h */,
				A9AF6C8A1994C5700076C0EE /* UIScrollView+Extension.m */,
				A9AF6C8B1994C5700076C0EE /* UIScrollView+MJRefresh.h */,
				A9AF6C8C1994C5700076C0EE /* UIScrollView+MJRefresh.m */,
				A9AF6C8D1994C5700076C0EE /* UIView+Extension.h */,
				A9AF6C8E1994C5700076C0EE /* UIView+Extension.m */,
			);
			path = MJRefresh;
			sourceTree = "<group>";
		};
		A9AF6C971994C97F0076C0EE /* MainView */ = {
			isa = PBXGroup;
			children = (
				A9C69443199BBE9500B2CECE /* MyView */,
				A9A660B31999180000E9D166 /* ListView */,
				A9AA325B19970304000BE4FB /* HomeView */,
			);
			path = MainView;
			sourceTree = "<group>";
		};
		A9C69443199BBE9500B2CECE /* MyView */ = {
			isa = PBXGroup;
			children = (
				A9C69444199BBEB200B2CECE /* MyTotalProfitCellView.h */,
				A9C69445199BBEB200B2CECE /* MyTotalProfitCellView.m */,
			);
			path = MyView;
			sourceTree = "<group>";
		};
		A9EAA05319988C55001A872A /* MRCircularProgressView */ = {
			isa = PBXGroup;
			children = (
				A9EAA05419988C55001A872A /* MRCircularProgressView.h */,
				A9EAA05519988C55001A872A /* MRCircularProgressView.m */,
			);
			path = MRCircularProgressView;
			sourceTree = "<group>";
		};
/* End PBXGroup section */

/* Begin PBXNativeTarget section */
		A9AF6BE819947DD00076C0EE /* ManagerDemo */ = {
			isa = PBXNativeTarget;
			buildConfigurationList = A9AF6C1B19947DD10076C0EE /* Build configuration list for PBXNativeTarget "ManagerDemo" */;
			buildPhases = (
				BEE16DF2BD524574AE6B6C1B /* Check Pods Manifest.lock */,
				A9AF6BE519947DD00076C0EE /* Sources */,
				A9AF6BE619947DD00076C0EE /* Frameworks */,
				A9AF6BE719947DD00076C0EE /* Resources */,
				0DEB3346E522477D8FB52BB8 /* Copy Pods Resources */,
			);
			buildRules = (
			);
			dependencies = (
			);
			name = ManagerDemo;
			productName = ManagerDemo;
			productReference = A9AF6BE919947DD00076C0EE /* ManagerDemo.app */;
			productType = "com.apple.product-type.application";
		};
		A9AF6C0919947DD10076C0EE /* ManagerDemoTests */ = {
			isa = PBXNativeTarget;
			buildConfigurationList = A9AF6C1E19947DD10076C0EE /* Build configuration list for PBXNativeTarget "ManagerDemoTests" */;
			buildPhases = (
				A9AF6C0619947DD10076C0EE /* Sources */,
				A9AF6C0719947DD10076C0EE /* Frameworks */,
				A9AF6C0819947DD10076C0EE /* Resources */,
			);
			buildRules = (
			);
			dependencies = (
				A9AF6C1019947DD10076C0EE /* PBXTargetDependency */,
			);
			name = ManagerDemoTests;
			productName = ManagerDemoTests;
			productReference = A9AF6C0A19947DD10076C0EE /* ManagerDemoTests.xctest */;
			productType = "com.apple.product-type.bundle.unit-test";
		};
/* End PBXNativeTarget section */

/* Begin PBXProject section */
		A9AF6BE119947DD00076C0EE /* Project object */ = {
			isa = PBXProject;
			attributes = {
				LastUpgradeCheck = 0500;
				ORGANIZATIONNAME = ash;
				TargetAttributes = {
					A9AF6C0919947DD10076C0EE = {
						TestTargetID = A9AF6BE819947DD00076C0EE;
					};
				};
			};
			buildConfigurationList = A9AF6BE419947DD00076C0EE /* Build configuration list for PBXProject "ManagerDemo" */;
			compatibilityVersion = "Xcode 3.2";
			developmentRegion = English;
			hasScannedForEncodings = 0;
			knownRegions = (
				en,
				Base,
			);
			mainGroup = A9AF6BE019947DD00076C0EE;
			productRefGroup = A9AF6BEA19947DD00076C0EE /* Products */;
			projectDirPath = "";
			projectRoot = "";
			targets = (
				A9AF6BE819947DD00076C0EE /* ManagerDemo */,
				A9AF6C0919947DD10076C0EE /* ManagerDemoTests */,
			);
		};
/* End PBXProject section */

/* Begin PBXResourcesBuildPhase section */
		A9AF6BE719947DD00076C0EE /* Resources */ = {
			isa = PBXResourcesBuildPhase;
			buildActionMask = 2147483647;
			files = (
				A9AF6C43199498C40076C0EE /* MyViewController.xib in Resources */,
				A9EAA04719986DC3001A872A /* fund_cell_label_bg_green@2x.png in Resources */,
				A93F8802199A077F00875287 /* ListViewController.xib in Resources */,
				A93F8804199A077F00875287 /* LoanListCell.xib in Resources */,
				A9C69448199BC1F500B2CECE /* gray_select_arrow.png in Resources */,
				A9AF6C731994B5890076C0EE /* icon_bar_share@2x.png in Resources */,
				A9EAA04019985EDE001A872A /* HomeMainView.xib in Resources */,
				A988A902199A755300EB10AA /* FundListCell.xib in Resources */,
				A9AF6C6919949CD30076C0EE /* icon_dock_session@2x.png in Resources */,
				A9AF6C5C19949CD30076C0EE /* icon_dock_forum_actived@2x.png in Resources */,
				A9AF6CA61994D0660076C0EE /* ad4@2x.png in Resources */,
				A9AF6C48199498D10076C0EE /* MoreViewController.xib in Resources */,
				A9EAA04A19986E8C001A872A /* pull_arrow_down_black@2x.png in Resources */,
				A9AF6C6119949CD30076C0EE /* icon_dock_mine@2x.png in Resources */,
				A9AF6CA51994D0660076C0EE /* ad3@2x.png in Resources */,
				A9EAA04819986DC3001A872A /* fund_cell_label_bg_red@2x.png in Resources */,
				A9EAA05F1998BB82001A872A /* about_dot@2x.png in Resources */,
				A9AF6C5E19949CD30076C0EE /* icon_dock_home_actived@2x.png in Resources */,
				A9EAA04519986DC3001A872A /* fund_cell_label_bg_blue@2x.png in Resources */,
				A9AF6C6219949CD30076C0EE /* icon_dock_rt_actived@2x.png in Resources */,
				A9AF6C781994B5890076C0EE /* icon_share_default.png in Resources */,
				A9AF6C741994B5890076C0EE /* icon_indicate_add_module@2x.png in Resources */,
				A9AF6C751994B5890076C0EE /* icon_indicate_arrow_don@2x.png in Resources */,
				A9AF6C5D19949CD30076C0EE /* icon_dock_forum@2x.png in Resources */,
				A9EAA04E1998787B001A872A /* hk_home_center__cycle@2x.png in Resources */,
				A9EAA0501998787B001A872A /* hk_home_center_cover@2x.png in Resources */,
				A9AF6C6719949CD30076C0EE /* icon_dock_session_actived@2x.png in Resources */,
				A9AF6C771994B5890076C0EE /* icon_indicate_more@2x.png in Resources */,
				A9AA325A199702DB000BE4FB /* Images.xcassets in Resources */,
				A9AF6C6519949CD30076C0EE /* icon_dock_service@2x.png in Resources */,
				A9AF6CA01994D0210076C0EE /* ad1@2x.png in Resources */,
				A93F87821999BB1D00875287 /* red_line_and_shadow@2x.png in Resources */,
				A9AF6C6019949CD30076C0EE /* icon_dock_mine_actived@2x.png in Resources */,
				A9AF6C8F1994C5700076C0EE /* MJRefresh.bundle in Resources */,
				A9AF6C6419949CD30076C0EE /* icon_dock_service_actived@2x.png in Resources */,
				A9AF6C791994B5890076C0EE /* tabbarShadowImage@2x.png in Resources */,
				A9C69442199BB7B100B2CECE /* icon_person_take_image@2x.png in Resources */,
				A9AF6BF719947DD00076C0EE /* InfoPlist.strings in Resources */,
				A9AF6C761994B5890076C0EE /* icon_indicate_more_down@2x.png in Resources */,
				A9EAA04619986DC3001A872A /* fund_cell_label_bg_gray@2x.png in Resources */,
				A9EAA052199879CC001A872A /* pie_chart_center.png in Resources */,
				A9AF6CA41994D0660076C0EE /* ad2@2x.png in Resources */,
				A9AF6C34199484200076C0EE /* HomeViewController.xib in Resources */,
				A9AF6C0019947DD00076C0EE /* Main.storyboard in Resources */,
				A9AF6C3E199486CA0076C0EE /* ProductListViewController.xib in Resources */,
				A9AF6C2F199483520076C0EE /* MainViewController.xib in Resources */,
				A9EAA04F1998787B001A872A /* hk_home_center_bg@2x.png in Resources */,
				A9AF6C6319949CD30076C0EE /* icon_dock_rt@2x.png in Resources */,
				A9AF6C721994B5890076C0EE /* icon_bar_card@2x.png in Resources */,
				A9AF6C6819949CD30076C0EE /* icon_dock_session_msg@2x.png in Resources */,
				A9AF6C6619949CD30076C0EE /* icon_dock_session_actived_msg@2x.png in Resources */,
				A9AF6C5F19949CD30076C0EE /* icon_dock_home@2x.png in Resources */,
			);
			runOnlyForDeploymentPostprocessing = 0;
		};
		A9AF6C0819947DD10076C0EE /* Resources */ = {
			isa = PBXResourcesBuildPhase;
			buildActionMask = 2147483647;
			files = (
				A9AF6C1619947DD10076C0EE /* InfoPlist.strings in Resources */,
			);
			runOnlyForDeploymentPostprocessing = 0;
		};
/* End PBXResourcesBuildPhase section */

/* Begin PBXShellScriptBuildPhase section */
		0DEB3346E522477D8FB52BB8 /* Copy Pods Resources */ = {
			isa = PBXShellScriptBuildPhase;
			buildActionMask = 2147483647;
			files = (
			);
			inputPaths = (
			);
			name = "Copy Pods Resources";
			outputPaths = (
			);
			runOnlyForDeploymentPostprocessing = 0;
			shellPath = /bin/sh;
			shellScript = "\"${SRCROOT}/Pods/Pods-resources.sh\"\n";
			showEnvVarsInLog = 0;
		};
		BEE16DF2BD524574AE6B6C1B /* Check Pods Manifest.lock */ = {
			isa = PBXShellScriptBuildPhase;
			buildActionMask = 2147483647;
			files = (
			);
			inputPaths = (
			);
			name = "Check Pods Manifest.lock";
			outputPaths = (
			);
			runOnlyForDeploymentPostprocessing = 0;
			shellPath = /bin/sh;
			shellScript = "diff \"${PODS_ROOT}/../Podfile.lock\" \"${PODS_ROOT}/Manifest.lock\" > /dev/null\nif [[ $? != 0 ]] ; then\n    cat << EOM\nerror: The sandbox is not in sync with the Podfile.lock. Run 'pod install' or update your CocoaPods installation.\nEOM\n    exit 1\nfi\n";
			showEnvVarsInLog = 0;
		};
/* End PBXShellScriptBuildPhase section */

/* Begin PBXSourcesBuildPhase section */
		A9AF6BE519947DD00076C0EE /* Sources */ = {
			isa = PBXSourcesBuildPhase;
			buildActionMask = 2147483647;
			files = (
				A93F8801199A077F00875287 /* ListViewController.m in Sources */,
				A988A8FC199A50D900EB10AA /* TriangleView.m in Sources */,
				A9EAA05619988C55001A872A /* MRCircularProgressView.m in Sources */,
				A9AF6C961994C5700076C0EE /* UIView+Extension.m in Sources */,
				A9AF6C921994C5700076C0EE /* MJRefreshFooterView.m in Sources */,
				A93F87CA1999E62000875287 /* AdjustableUILable.m in Sources */,
				A93F8803199A077F00875287 /* LoanListCell.m in Sources */,
				A9AA326019970335000BE4FB /* HomeAdView.m in Sources */,
				A988A900199A751500EB10AA /* FundListCell.m in Sources */,
				A9AF6C3D199486CA0076C0EE /* ProductListViewController.m in Sources */,
				A93F87741999AA8300875287 /* ManagerUtil.m in Sources */,
				A9AF6C941994C5700076C0EE /* UIScrollView+Extension.m in Sources */,
				A9AF6C47199498D10076C0EE /* MoreViewController.m in Sources */,
				A9EAA035199857F5001A872A /* HomeMainView.m in Sources */,
				A93F8805199A077F00875287 /* LoanListViewController.m in Sources */,
				A9AF6C951994C5700076C0EE /* UIScrollView+MJRefresh.m in Sources */,
				A9AA326119970335000BE4FB /* ImagePlayerView.m in Sources */,
				A9AF6C0319947DD00076C0EE /* ViewController.m in Sources */,
				A9AF6BFD19947DD00076C0EE /* AppDelegate.m in Sources */,
				A9AF6C911994C5700076C0EE /* MJRefreshConst.m in Sources */,
				A9AF6C931994C5700076C0EE /* MJRefreshHeaderView.m in Sources */,
				A9AF6BF919947DD00076C0EE /* main.m in Sources */,
				A93F877C1999ACF600875287 /* MBProgressHUD+Util.m in Sources */,
				A9C69446199BBEB200B2CECE /* MyTotalProfitCellView.m in Sources */,
				A9AF6C33199484200076C0EE /* HomeViewController.m in Sources */,
				A93F8800199A077F00875287 /* FundListViewController.m in Sources */,
				A93F87801999B92800875287 /* QCSlideSwitchView.m in Sources */,
				A9AF6C901994C5700076C0EE /* MJRefreshBaseView.m in Sources */,
				A93F8806199A077F00875287 /* OtherListViewController.m in Sources */,
				A9AF6C2E199483520076C0EE /* MainViewController.m in Sources */,
				A9AF6C42199498C40076C0EE /* MyViewController.m in Sources */,
			);
			runOnlyForDeploymentPostprocessing = 0;
		};
		A9AF6C0619947DD10076C0EE /* Sources */ = {
			isa = PBXSourcesBuildPhase;
			buildActionMask = 2147483647;
			files = (
				A9AF6C1819947DD10076C0EE /* ManagerDemoTests.m in Sources */,
			);
			runOnlyForDeploymentPostprocessing = 0;
		};
/* End PBXSourcesBuildPhase section */

/* Begin PBXTargetDependency section */
		A9AF6C1019947DD10076C0EE /* PBXTargetDependency */ = {
			isa = PBXTargetDependency;
			target = A9AF6BE819947DD00076C0EE /* ManagerDemo */;
			targetProxy = A9AF6C0F19947DD10076C0EE /* PBXContainerItemProxy */;
		};
/* End PBXTargetDependency section */

/* Begin PBXVariantGroup section */
		A9AF6BF519947DD00076C0EE /* InfoPlist.strings */ = {
			isa = PBXVariantGroup;
			children = (
				A9AF6BF619947DD00076C0EE /* en */,
			);
			name = InfoPlist.strings;
			sourceTree = "<group>";
		};
		A9AF6BFE19947DD00076C0EE /* Main.storyboard */ = {
			isa = PBXVariantGroup;
			children = (
				A9AF6BFF19947DD00076C0EE /* Base */,
			);
			name = Main.storyboard;
			sourceTree = "<group>";
		};
		A9AF6C1419947DD10076C0EE /* InfoPlist.strings */ = {
			isa = PBXVariantGroup;
			children = (
				A9AF6C1519947DD10076C0EE /* en */,
			);
			name = InfoPlist.strings;
			sourceTree = "<group>";
		};
/* End PBXVariantGroup section */

/* Begin XCBuildConfiguration section */
		A9AF6C1919947DD10076C0EE /* Debug */ = {
			isa = XCBuildConfiguration;
			buildSettings = {
				ALWAYS_SEARCH_USER_PATHS = NO;
				ARCHS = "$(ARCHS_STANDARD_INCLUDING_64_BIT)";
				CLANG_CXX_LANGUAGE_STANDARD = "gnu++0x";
				CLANG_CXX_LIBRARY = "libc++";
				CLANG_ENABLE_MODULES = YES;
				CLANG_ENABLE_OBJC_ARC = YES;
				CLANG_WARN_BOOL_CONVERSION = YES;
				CLANG_WARN_CONSTANT_CONVERSION = YES;
				CLANG_WARN_DIRECT_OBJC_ISA_USAGE = YES_ERROR;
				CLANG_WARN_EMPTY_BODY = YES;
				CLANG_WARN_ENUM_CONVERSION = YES;
				CLANG_WARN_INT_CONVERSION = YES;
				CLANG_WARN_OBJC_ROOT_CLASS = YES_ERROR;
				CLANG_WARN__DUPLICATE_METHOD_MATCH = YES;
				"CODE_SIGN_IDENTITY[sdk=iphoneos*]" = "iPhone Developer";
				COPY_PHASE_STRIP = NO;
				GCC_C_LANGUAGE_STANDARD = gnu99;
				GCC_DYNAMIC_NO_PIC = NO;
				GCC_OPTIMIZATION_LEVEL = 0;
				GCC_PREPROCESSOR_DEFINITIONS = (
					"DEBUG=1",
					"$(inherited)",
				);
				GCC_SYMBOLS_PRIVATE_EXTERN = NO;
				GCC_WARN_64_TO_32_BIT_CONVERSION = YES;
				GCC_WARN_ABOUT_RETURN_TYPE = YES_ERROR;
				GCC_WARN_UNDECLARED_SELECTOR = YES;
				GCC_WARN_UNINITIALIZED_AUTOS = YES;
				GCC_WARN_UNUSED_FUNCTION = YES;
				GCC_WARN_UNUSED_VARIABLE = YES;
				IPHONEOS_DEPLOYMENT_TARGET = 7.0;
				ONLY_ACTIVE_ARCH = YES;
				SDKROOT = iphoneos;
			};
			name = Debug;
		};
		A9AF6C1A19947DD10076C0EE /* Release */ = {
			isa = XCBuildConfiguration;
			buildSettings = {
				ALWAYS_SEARCH_USER_PATHS = NO;
				ARCHS = "$(ARCHS_STANDARD_INCLUDING_64_BIT)";
				CLANG_CXX_LANGUAGE_STANDARD = "gnu++0x";
				CLANG_CXX_LIBRARY = "libc++";
				CLANG_ENABLE_MODULES = YES;
				CLANG_ENABLE_OBJC_ARC = YES;
				CLANG_WARN_BOOL_CONVERSION = YES;
				CLANG_WARN_CONSTANT_CONVERSION = YES;
				CLANG_WARN_DIRECT_OBJC_ISA_USAGE = YES_ERROR;
				CLANG_WARN_EMPTY_BODY = YES;
				CLANG_WARN_ENUM_CONVERSION = YES;
				CLANG_WARN_INT_CONVERSION = YES;
				CLANG_WARN_OBJC_ROOT_CLASS = YES_ERROR;
				CLANG_WARN__DUPLICATE_METHOD_MATCH = YES;
				"CODE_SIGN_IDENTITY[sdk=iphoneos*]" = "iPhone Developer";
				COPY_PHASE_STRIP = YES;
				ENABLE_NS_ASSERTIONS = NO;
				GCC_C_LANGUAGE_STANDARD = gnu99;
				GCC_WARN_64_TO_32_BIT_CONVERSION = YES;
				GCC_WARN_ABOUT_RETURN_TYPE = YES_ERROR;
				GCC_WARN_UNDECLARED_SELECTOR = YES;
				GCC_WARN_UNINITIALIZED_AUTOS = YES;
				GCC_WARN_UNUSED_FUNCTION = YES;
				GCC_WARN_UNUSED_VARIABLE = YES;
				IPHONEOS_DEPLOYMENT_TARGET = 7.0;
				SDKROOT = iphoneos;
				VALIDATE_PRODUCT = YES;
			};
			name = Release;
		};
		A9AF6C1C19947DD10076C0EE /* Debug */ = {
			isa = XCBuildConfiguration;
			baseConfigurationReference = 5730F11CFCAA47EB9D024FB8 /* Pods.xcconfig */;
			buildSettings = {
				ASSETCATALOG_COMPILER_APPICON_NAME = AppIcon;
				ASSETCATALOG_COMPILER_LAUNCHIMAGE_NAME = LaunchImage;
				GCC_PRECOMPILE_PREFIX_HEADER = YES;
				GCC_PREFIX_HEADER = "ManagerDemo/ManagerDemo-Prefix.pch";
				INFOPLIST_FILE = "ManagerDemo/ManagerDemo-Info.plist";
				PRODUCT_NAME = "$(TARGET_NAME)";
				WRAPPER_EXTENSION = app;
			};
			name = Debug;
		};
		A9AF6C1D19947DD10076C0EE /* Release */ = {
			isa = XCBuildConfiguration;
			baseConfigurationReference = 5730F11CFCAA47EB9D024FB8 /* Pods.xcconfig */;
			buildSettings = {
				ASSETCATALOG_COMPILER_APPICON_NAME = AppIcon;
				ASSETCATALOG_COMPILER_LAUNCHIMAGE_NAME = LaunchImage;
				GCC_PRECOMPILE_PREFIX_HEADER = YES;
				GCC_PREFIX_HEADER = "ManagerDemo/ManagerDemo-Prefix.pch";
				INFOPLIST_FILE = "ManagerDemo/ManagerDemo-Info.plist";
				PRODUCT_NAME = "$(TARGET_NAME)";
				WRAPPER_EXTENSION = app;
			};
			name = Release;
		};
		A9AF6C1F19947DD10076C0EE /* Debug */ = {
			isa = XCBuildConfiguration;
			buildSettings = {
				ARCHS = "$(ARCHS_STANDARD_INCLUDING_64_BIT)";
				BUNDLE_LOADER = "$(BUILT_PRODUCTS_DIR)/ManagerDemo.app/ManagerDemo";
				FRAMEWORK_SEARCH_PATHS = (
					"$(SDKROOT)/Developer/Library/Frameworks",
					"$(inherited)",
					"$(DEVELOPER_FRAMEWORKS_DIR)",
				);
				GCC_PRECOMPILE_PREFIX_HEADER = YES;
				GCC_PREFIX_HEADER = "ManagerDemo/ManagerDemo-Prefix.pch";
				GCC_PREPROCESSOR_DEFINITIONS = (
					"DEBUG=1",
					"$(inherited)",
				);
				INFOPLIST_FILE = "ManagerDemoTests/ManagerDemoTests-Info.plist";
				PRODUCT_NAME = "$(TARGET_NAME)";
				TEST_HOST = "$(BUNDLE_LOADER)";
				WRAPPER_EXTENSION = xctest;
			};
			name = Debug;
		};
		A9AF6C2019947DD10076C0EE /* Release */ = {
			isa = XCBuildConfiguration;
			buildSettings = {
				ARCHS = "$(ARCHS_STANDARD_INCLUDING_64_BIT)";
				BUNDLE_LOADER = "$(BUILT_PRODUCTS_DIR)/ManagerDemo.app/ManagerDemo";
				FRAMEWORK_SEARCH_PATHS = (
					"$(SDKROOT)/Developer/Library/Frameworks",
					"$(inherited)",
					"$(DEVELOPER_FRAMEWORKS_DIR)",
				);
				GCC_PRECOMPILE_PREFIX_HEADER = YES;
				GCC_PREFIX_HEADER = "ManagerDemo/ManagerDemo-Prefix.pch";
				INFOPLIST_FILE = "ManagerDemoTests/ManagerDemoTests-Info.plist";
				PRODUCT_NAME = "$(TARGET_NAME)";
				TEST_HOST = "$(BUNDLE_LOADER)";
				WRAPPER_EXTENSION = xctest;
			};
			name = Release;
		};
/* End XCBuildConfiguration section */

/* Begin XCConfigurationList section */
		A9AF6BE419947DD00076C0EE /* Build configuration list for PBXProject "ManagerDemo" */ = {
			isa = XCConfigurationList;
			buildConfigurations = (
				A9AF6C1919947DD10076C0EE /* Debug */,
				A9AF6C1A19947DD10076C0EE /* Release */,
			);
			defaultConfigurationIsVisible = 0;
			defaultConfigurationName = Release;
		};
		A9AF6C1B19947DD10076C0EE /* Build configuration list for PBXNativeTarget "ManagerDemo" */ = {
			isa = XCConfigurationList;
			buildConfigurations = (
				A9AF6C1C19947DD10076C0EE /* Debug */,
				A9AF6C1D19947DD10076C0EE /* Release */,
			);
			defaultConfigurationIsVisible = 0;
			defaultConfigurationName = Release;
		};
		A9AF6C1E19947DD10076C0EE /* Build configuration list for PBXNativeTarget "ManagerDemoTests" */ = {
			isa = XCConfigurationList;
			buildConfigurations = (
				A9AF6C1F19947DD10076C0EE /* Debug */,
				A9AF6C2019947DD10076C0EE /* Release */,
			);
			defaultConfigurationIsVisible = 0;
			defaultConfigurationName = Release;
		};
/* End XCConfigurationList section */
	};
	rootObject = A9AF6BE119947DD00076C0EE /* Project object */;
}
